// !$*UTF8*$!
{
	archiveVersion = 1;
	classes = {
	};
	objectVersion = 55;
	objects = {

/* Begin PBXBuildFile section */
		B90F55A92BA61F6E00874F00 /* MovesView.swift in Sources */ = {isa = PBXBuildFile; fileRef = B90F55A82BA61F6E00874F00 /* MovesView.swift */; };
		B90F55AA2BA61F6E00874F00 /* MovesView.swift in Sources */ = {isa = PBXBuildFile; fileRef = B90F55A82BA61F6E00874F00 /* MovesView.swift */; };
		B90F55AC2BA6289800874F00 /* PieceView.swift in Sources */ = {isa = PBXBuildFile; fileRef = B90F55AB2BA6289800874F00 /* PieceView.swift */; };
		B90F55AD2BA6289800874F00 /* PieceView.swift in Sources */ = {isa = PBXBuildFile; fileRef = B90F55AB2BA6289800874F00 /* PieceView.swift */; };
		B94B61B02B461D3200C998F3 /* Piece.swift in Sources */ = {isa = PBXBuildFile; fileRef = B94B61AF2B461D3200C998F3 /* Piece.swift */; };
		B94B61B12B461D3200C998F3 /* Piece.swift in Sources */ = {isa = PBXBuildFile; fileRef = B94B61AF2B461D3200C998F3 /* Piece.swift */; };
		B94B61B32B461DD200C998F3 /* GridCoordinate.swift in Sources */ = {isa = PBXBuildFile; fileRef = B94B61B22B461DD200C998F3 /* GridCoordinate.swift */; };
		B94B61B42B461DD200C998F3 /* GridCoordinate.swift in Sources */ = {isa = PBXBuildFile; fileRef = B94B61B22B461DD200C998F3 /* GridCoordinate.swift */; };
		B94B61F52B68F8D700C998F3 /* PieceGenerator.swift in Sources */ = {isa = PBXBuildFile; fileRef = B94B61F42B68F8D700C998F3 /* PieceGenerator.swift */; };
		B94B61F62B68F8D700C998F3 /* PieceGenerator.swift in Sources */ = {isa = PBXBuildFile; fileRef = B94B61F42B68F8D700C998F3 /* PieceGenerator.swift */; };
		B95CE5282AD4CB5E00978591 /* Tests_iOS.swift in Sources */ = {isa = PBXBuildFile; fileRef = B95CE5272AD4CB5E00978591 /* Tests_iOS.swift */; };
		B95CE52A2AD4CB5E00978591 /* Tests_iOSLaunchTests.swift in Sources */ = {isa = PBXBuildFile; fileRef = B95CE5292AD4CB5E00978591 /* Tests_iOSLaunchTests.swift */; };
		B95CE5342AD4CB5E00978591 /* Tests_macOS.swift in Sources */ = {isa = PBXBuildFile; fileRef = B95CE5332AD4CB5E00978591 /* Tests_macOS.swift */; };
		B95CE5362AD4CB5E00978591 /* Tests_macOSLaunchTests.swift in Sources */ = {isa = PBXBuildFile; fileRef = B95CE5352AD4CB5E00978591 /* Tests_macOSLaunchTests.swift */; };
		B95CE5372AD4CB5E00978591 /* MoreChessApp.swift in Sources */ = {isa = PBXBuildFile; fileRef = B95CE50F2AD4CB5B00978591 /* MoreChessApp.swift */; };
		B95CE5382AD4CB5E00978591 /* MoreChessApp.swift in Sources */ = {isa = PBXBuildFile; fileRef = B95CE50F2AD4CB5B00978591 /* MoreChessApp.swift */; };
		B95CE5392AD4CB5E00978591 /* ContentView.swift in Sources */ = {isa = PBXBuildFile; fileRef = B95CE5102AD4CB5B00978591 /* ContentView.swift */; };
		B95CE53A2AD4CB5E00978591 /* ContentView.swift in Sources */ = {isa = PBXBuildFile; fileRef = B95CE5102AD4CB5B00978591 /* ContentView.swift */; };
		B95CE53B2AD4CB5E00978591 /* Assets.xcassets in Resources */ = {isa = PBXBuildFile; fileRef = B95CE5112AD4CB5E00978591 /* Assets.xcassets */; };
		B95CE53C2AD4CB5E00978591 /* Assets.xcassets in Resources */ = {isa = PBXBuildFile; fileRef = B95CE5112AD4CB5E00978591 /* Assets.xcassets */; };
		B9ABF7A72BAEF11E00907C61 /* AppState.swift in Sources */ = {isa = PBXBuildFile; fileRef = B9ABF7A62BAEF11E00907C61 /* AppState.swift */; };
		B9ABF7A92BAEF18A00907C61 /* GameState.swift in Sources */ = {isa = PBXBuildFile; fileRef = B9ABF7A82BAEF18A00907C61 /* GameState.swift */; };
		B9ABF7AB2BAEF1EB00907C61 /* BoardView.swift in Sources */ = {isa = PBXBuildFile; fileRef = B9ABF7AA2BAEF1EB00907C61 /* BoardView.swift */; };
		B9FAC9112BAEF492002A20F7 /* PositioningState.swift in Sources */ = {isa = PBXBuildFile; fileRef = B9FAC9102BAEF492002A20F7 /* PositioningState.swift */; };
		B9FAC9152BAEF6C3002A20F7 /* PositioningInteractor.swift in Sources */ = {isa = PBXBuildFile; fileRef = B9FAC9142BAEF6C3002A20F7 /* PositioningInteractor.swift */; };
		B9FAC9172BAEFFAC002A20F7 /* LayoutState.swift in Sources */ = {isa = PBXBuildFile; fileRef = B9FAC9162BAEFFAC002A20F7 /* LayoutState.swift */; };
		B9FAC9192BAF070C002A20F7 /* Launch Screen.storyboard in Resources */ = {isa = PBXBuildFile; fileRef = B9FAC9182BAF070C002A20F7 /* Launch Screen.storyboard */; };
		B9FAC91B2BAF0CA7002A20F7 /* Pieces.swift in Sources */ = {isa = PBXBuildFile; fileRef = B9FAC91A2BAF0CA7002A20F7 /* Pieces.swift */; };
		B9FAC91D2BAF0D15002A20F7 /* Pieces.swift in Sources */ = {isa = PBXBuildFile; fileRef = B9FAC91A2BAF0CA7002A20F7 /* Pieces.swift */; };
		B9FAC91F2BAF0D6A002A20F7 /* Player.swift in Sources */ = {isa = PBXBuildFile; fileRef = B9FAC91E2BAF0D6A002A20F7 /* Player.swift */; };
		B9FAC9222BAF1DCD002A20F7 /* GameRepository.swift in Sources */ = {isa = PBXBuildFile; fileRef = B9FAC9212BAF1DCD002A20F7 /* GameRepository.swift */; };
		B9FAC9242BAF1E9F002A20F7 /* Board.swift in Sources */ = {isa = PBXBuildFile; fileRef = B9FAC9232BAF1E9F002A20F7 /* Board.swift */; };
		B9FAC92A2BAF29DF002A20F7 /* Players.swift in Sources */ = {isa = PBXBuildFile; fileRef = B9FAC9292BAF29DF002A20F7 /* Players.swift */; };
		B9FAC92C2BAF3102002A20F7 /* MoveValidator.swift in Sources */ = {isa = PBXBuildFile; fileRef = B9FAC92B2BAF3102002A20F7 /* MoveValidator.swift */; };
		B9FAC92E2BB04A01002A20F7 /* PlayCondition.swift in Sources */ = {isa = PBXBuildFile; fileRef = B9FAC92D2BB04A01002A20F7 /* PlayCondition.swift */; };
		B9FAC9302BB05325002A20F7 /* GameView.swift in Sources */ = {isa = PBXBuildFile; fileRef = B9FAC92F2BB05325002A20F7 /* GameView.swift */; };
		B9FAC9342BB053CC002A20F7 /* LobbyView.swift in Sources */ = {isa = PBXBuildFile; fileRef = B9FAC9332BB053CC002A20F7 /* LobbyView.swift */; };
		B9FAC9372BB054C2002A20F7 /* SolidButtonStyle.swift in Sources */ = {isa = PBXBuildFile; fileRef = B9FAC9362BB054C2002A20F7 /* SolidButtonStyle.swift */; };
		B9FAC9392BB0586C002A20F7 /* LobbyState.swift in Sources */ = {isa = PBXBuildFile; fileRef = B9FAC9382BB0586C002A20F7 /* LobbyState.swift */; };
		B9FAC93D2BB058DB002A20F7 /* ServiceType.swift in Sources */ = {isa = PBXBuildFile; fileRef = B9FAC93C2BB058DB002A20F7 /* ServiceType.swift */; };
		B9FAC93F2BB059CD002A20F7 /* GameService.swift in Sources */ = {isa = PBXBuildFile; fileRef = B9FAC93E2BB059CD002A20F7 /* GameService.swift */; };
		B9FAC9412BB05A63002A20F7 /* LobbyInteractor.swift in Sources */ = {isa = PBXBuildFile; fileRef = B9FAC9402BB05A63002A20F7 /* LobbyInteractor.swift */; };
		B9FAC9432BB06315002A20F7 /* LobbyRepository.swift in Sources */ = {isa = PBXBuildFile; fileRef = B9FAC9422BB06315002A20F7 /* LobbyRepository.swift */; };
		B9FAC9452BB06BD4002A20F7 /* HostingView.swift in Sources */ = {isa = PBXBuildFile; fileRef = B9FAC9442BB06BD4002A20F7 /* HostingView.swift */; };
		B9FAC9472BB06C0C002A20F7 /* ClientView.swift in Sources */ = {isa = PBXBuildFile; fileRef = B9FAC9462BB06C0C002A20F7 /* ClientView.swift */; };
		B9FAC9492BB06C91002A20F7 /* SimpleNavigationBackButton.swift in Sources */ = {isa = PBXBuildFile; fileRef = B9FAC9482BB06C91002A20F7 /* SimpleNavigationBackButton.swift */; };
		B9FAC94B2BB06FB2002A20F7 /* WaitingView.swift in Sources */ = {isa = PBXBuildFile; fileRef = B9FAC94A2BB06FB2002A20F7 /* WaitingView.swift */; };
		B9FAC94F2BB2E833002A20F7 /* Color.swift in Sources */ = {isa = PBXBuildFile; fileRef = B9FAC94E2BB2E833002A20F7 /* Color.swift */; };
		B9FAC9512BB2F46D002A20F7 /* Style.swift in Sources */ = {isa = PBXBuildFile; fileRef = B9FAC9502BB2F46D002A20F7 /* Style.swift */; };
		B9FAC9542BB2F706002A20F7 /* NunitoSans_7pt_Condensed-Bold.ttf in Resources */ = {isa = PBXBuildFile; fileRef = B9FAC9532BB2F706002A20F7 /* NunitoSans_7pt_Condensed-Bold.ttf */; };
		B9FAC9552BB2F706002A20F7 /* NunitoSans_7pt_Condensed-Bold.ttf in Resources */ = {isa = PBXBuildFile; fileRef = B9FAC9532BB2F706002A20F7 /* NunitoSans_7pt_Condensed-Bold.ttf */; };
		B9FAC9582BB2F92E002A20F7 /* Nunito-Regular.ttf in Resources */ = {isa = PBXBuildFile; fileRef = B9FAC9572BB2F92E002A20F7 /* Nunito-Regular.ttf */; };
		B9FAC9592BB2F92E002A20F7 /* Nunito-Regular.ttf in Resources */ = {isa = PBXBuildFile; fileRef = B9FAC9572BB2F92E002A20F7 /* Nunito-Regular.ttf */; };
		B9FAC95B2BB2FD0C002A20F7 /* Typography.swift in Sources */ = {isa = PBXBuildFile; fileRef = B9FAC95A2BB2FD0C002A20F7 /* Typography.swift */; };
		B9FAC95C2BB2FD0C002A20F7 /* Typography.swift in Sources */ = {isa = PBXBuildFile; fileRef = B9FAC95A2BB2FD0C002A20F7 /* Typography.swift */; };
/* End PBXBuildFile section */

/* Begin PBXContainerItemProxy section */
		B95CE5242AD4CB5E00978591 /* PBXContainerItemProxy */ = {
			isa = PBXContainerItemProxy;
			containerPortal = B95CE50A2AD4CB5A00978591 /* Project object */;
			proxyType = 1;
			remoteGlobalIDString = B95CE5152AD4CB5E00978591;
			remoteInfo = "MoreChess (iOS)";
		};
		B95CE5302AD4CB5E00978591 /* PBXContainerItemProxy */ = {
			isa = PBXContainerItemProxy;
			containerPortal = B95CE50A2AD4CB5A00978591 /* Project object */;
			proxyType = 1;
			remoteGlobalIDString = B95CE51B2AD4CB5E00978591;
			remoteInfo = "MoreChess (macOS)";
		};
/* End PBXContainerItemProxy section */

/* Begin PBXFileReference section */
		B90F55A82BA61F6E00874F00 /* MovesView.swift */ = {isa = PBXFileReference; lastKnownFileType = sourcecode.swift; path = MovesView.swift; sourceTree = "<group>"; };
		B90F55AB2BA6289800874F00 /* PieceView.swift */ = {isa = PBXFileReference; lastKnownFileType = sourcecode.swift; path = PieceView.swift; sourceTree = "<group>"; };
		B94B61AF2B461D3200C998F3 /* Piece.swift */ = {isa = PBXFileReference; lastKnownFileType = sourcecode.swift; path = Piece.swift; sourceTree = "<group>"; };
		B94B61B22B461DD200C998F3 /* GridCoordinate.swift */ = {isa = PBXFileReference; lastKnownFileType = sourcecode.swift; path = GridCoordinate.swift; sourceTree = "<group>"; };
		B94B61F42B68F8D700C998F3 /* PieceGenerator.swift */ = {isa = PBXFileReference; lastKnownFileType = sourcecode.swift; path = PieceGenerator.swift; sourceTree = "<group>"; };
		B95CE50F2AD4CB5B00978591 /* MoreChessApp.swift */ = {isa = PBXFileReference; lastKnownFileType = sourcecode.swift; path = MoreChessApp.swift; sourceTree = "<group>"; };
		B95CE5102AD4CB5B00978591 /* ContentView.swift */ = {isa = PBXFileReference; lastKnownFileType = sourcecode.swift; path = ContentView.swift; sourceTree = "<group>"; };
		B95CE5112AD4CB5E00978591 /* Assets.xcassets */ = {isa = PBXFileReference; lastKnownFileType = folder.assetcatalog; path = Assets.xcassets; sourceTree = "<group>"; };
		B95CE5162AD4CB5E00978591 /* MoreChess.app */ = {isa = PBXFileReference; explicitFileType = wrapper.application; includeInIndex = 0; path = MoreChess.app; sourceTree = BUILT_PRODUCTS_DIR; };
		B95CE51C2AD4CB5E00978591 /* MoreChess.app */ = {isa = PBXFileReference; explicitFileType = wrapper.application; includeInIndex = 0; path = MoreChess.app; sourceTree = BUILT_PRODUCTS_DIR; };
		B95CE51E2AD4CB5E00978591 /* macOS.entitlements */ = {isa = PBXFileReference; lastKnownFileType = text.plist.entitlements; path = macOS.entitlements; sourceTree = "<group>"; };
		B95CE5232AD4CB5E00978591 /* Tests iOS.xctest */ = {isa = PBXFileReference; explicitFileType = wrapper.cfbundle; includeInIndex = 0; path = "Tests iOS.xctest"; sourceTree = BUILT_PRODUCTS_DIR; };
		B95CE5272AD4CB5E00978591 /* Tests_iOS.swift */ = {isa = PBXFileReference; lastKnownFileType = sourcecode.swift; path = Tests_iOS.swift; sourceTree = "<group>"; };
		B95CE5292AD4CB5E00978591 /* Tests_iOSLaunchTests.swift */ = {isa = PBXFileReference; lastKnownFileType = sourcecode.swift; path = Tests_iOSLaunchTests.swift; sourceTree = "<group>"; };
		B95CE52F2AD4CB5E00978591 /* Tests macOS.xctest */ = {isa = PBXFileReference; explicitFileType = wrapper.cfbundle; includeInIndex = 0; path = "Tests macOS.xctest"; sourceTree = BUILT_PRODUCTS_DIR; };
		B95CE5332AD4CB5E00978591 /* Tests_macOS.swift */ = {isa = PBXFileReference; lastKnownFileType = sourcecode.swift; path = Tests_macOS.swift; sourceTree = "<group>"; };
		B95CE5352AD4CB5E00978591 /* Tests_macOSLaunchTests.swift */ = {isa = PBXFileReference; lastKnownFileType = sourcecode.swift; path = Tests_macOSLaunchTests.swift; sourceTree = "<group>"; };
		B9ABF7A62BAEF11E00907C61 /* AppState.swift */ = {isa = PBXFileReference; lastKnownFileType = sourcecode.swift; path = AppState.swift; sourceTree = "<group>"; };
		B9ABF7A82BAEF18A00907C61 /* GameState.swift */ = {isa = PBXFileReference; lastKnownFileType = sourcecode.swift; path = GameState.swift; sourceTree = "<group>"; };
		B9ABF7AA2BAEF1EB00907C61 /* BoardView.swift */ = {isa = PBXFileReference; lastKnownFileType = sourcecode.swift; path = BoardView.swift; sourceTree = "<group>"; };
		B9FAC9102BAEF492002A20F7 /* PositioningState.swift */ = {isa = PBXFileReference; lastKnownFileType = sourcecode.swift; path = PositioningState.swift; sourceTree = "<group>"; };
		B9FAC9142BAEF6C3002A20F7 /* PositioningInteractor.swift */ = {isa = PBXFileReference; lastKnownFileType = sourcecode.swift; path = PositioningInteractor.swift; sourceTree = "<group>"; };
		B9FAC9162BAEFFAC002A20F7 /* LayoutState.swift */ = {isa = PBXFileReference; lastKnownFileType = sourcecode.swift; path = LayoutState.swift; sourceTree = "<group>"; };
		B9FAC9182BAF070C002A20F7 /* Launch Screen.storyboard */ = {isa = PBXFileReference; lastKnownFileType = file.storyboard; path = "Launch Screen.storyboard"; sourceTree = "<group>"; };
		B9FAC91A2BAF0CA7002A20F7 /* Pieces.swift */ = {isa = PBXFileReference; lastKnownFileType = sourcecode.swift; path = Pieces.swift; sourceTree = "<group>"; };
		B9FAC91E2BAF0D6A002A20F7 /* Player.swift */ = {isa = PBXFileReference; lastKnownFileType = sourcecode.swift; path = Player.swift; sourceTree = "<group>"; };
		B9FAC9202BAF14CB002A20F7 /* README.md */ = {isa = PBXFileReference; lastKnownFileType = net.daringfireball.markdown; path = README.md; sourceTree = SOURCE_ROOT; };
		B9FAC9212BAF1DCD002A20F7 /* GameRepository.swift */ = {isa = PBXFileReference; lastKnownFileType = sourcecode.swift; path = GameRepository.swift; sourceTree = "<group>"; };
		B9FAC9232BAF1E9F002A20F7 /* Board.swift */ = {isa = PBXFileReference; lastKnownFileType = sourcecode.swift; path = Board.swift; sourceTree = "<group>"; };
		B9FAC9292BAF29DF002A20F7 /* Players.swift */ = {isa = PBXFileReference; lastKnownFileType = sourcecode.swift; path = Players.swift; sourceTree = "<group>"; };
		B9FAC92B2BAF3102002A20F7 /* MoveValidator.swift */ = {isa = PBXFileReference; lastKnownFileType = sourcecode.swift; path = MoveValidator.swift; sourceTree = "<group>"; };
		B9FAC92D2BB04A01002A20F7 /* PlayCondition.swift */ = {isa = PBXFileReference; lastKnownFileType = sourcecode.swift; path = PlayCondition.swift; sourceTree = "<group>"; };
		B9FAC92F2BB05325002A20F7 /* GameView.swift */ = {isa = PBXFileReference; lastKnownFileType = sourcecode.swift; path = GameView.swift; sourceTree = "<group>"; };
		B9FAC9332BB053CC002A20F7 /* LobbyView.swift */ = {isa = PBXFileReference; lastKnownFileType = sourcecode.swift; path = LobbyView.swift; sourceTree = "<group>"; };
		B9FAC9362BB054C2002A20F7 /* SolidButtonStyle.swift */ = {isa = PBXFileReference; lastKnownFileType = sourcecode.swift; path = SolidButtonStyle.swift; sourceTree = "<group>"; };
		B9FAC9382BB0586C002A20F7 /* LobbyState.swift */ = {isa = PBXFileReference; lastKnownFileType = sourcecode.swift; path = LobbyState.swift; sourceTree = "<group>"; };
		B9FAC93C2BB058DB002A20F7 /* ServiceType.swift */ = {isa = PBXFileReference; lastKnownFileType = sourcecode.swift; path = ServiceType.swift; sourceTree = "<group>"; };
		B9FAC93E2BB059CD002A20F7 /* GameService.swift */ = {isa = PBXFileReference; lastKnownFileType = sourcecode.swift; path = GameService.swift; sourceTree = "<group>"; };
		B9FAC9402BB05A63002A20F7 /* LobbyInteractor.swift */ = {isa = PBXFileReference; lastKnownFileType = sourcecode.swift; path = LobbyInteractor.swift; sourceTree = "<group>"; };
		B9FAC9422BB06315002A20F7 /* LobbyRepository.swift */ = {isa = PBXFileReference; lastKnownFileType = sourcecode.swift; path = LobbyRepository.swift; sourceTree = "<group>"; };
		B9FAC9442BB06BD4002A20F7 /* HostingView.swift */ = {isa = PBXFileReference; lastKnownFileType = sourcecode.swift; path = HostingView.swift; sourceTree = "<group>"; };
		B9FAC9462BB06C0C002A20F7 /* ClientView.swift */ = {isa = PBXFileReference; lastKnownFileType = sourcecode.swift; path = ClientView.swift; sourceTree = "<group>"; };
		B9FAC9482BB06C91002A20F7 /* SimpleNavigationBackButton.swift */ = {isa = PBXFileReference; lastKnownFileType = sourcecode.swift; path = SimpleNavigationBackButton.swift; sourceTree = "<group>"; };
		B9FAC94A2BB06FB2002A20F7 /* WaitingView.swift */ = {isa = PBXFileReference; lastKnownFileType = sourcecode.swift; path = WaitingView.swift; sourceTree = "<group>"; };
		B9FAC94E2BB2E833002A20F7 /* Color.swift */ = {isa = PBXFileReference; lastKnownFileType = sourcecode.swift; path = Color.swift; sourceTree = "<group>"; };
		B9FAC9502BB2F46D002A20F7 /* Style.swift */ = {isa = PBXFileReference; lastKnownFileType = sourcecode.swift; path = Style.swift; sourceTree = "<group>"; };
		B9FAC9532BB2F706002A20F7 /* NunitoSans_7pt_Condensed-Bold.ttf */ = {isa = PBXFileReference; lastKnownFileType = file; path = "NunitoSans_7pt_Condensed-Bold.ttf"; sourceTree = "<group>"; };
		B9FAC9572BB2F92E002A20F7 /* Nunito-Regular.ttf */ = {isa = PBXFileReference; lastKnownFileType = file; path = "Nunito-Regular.ttf"; sourceTree = "<group>"; };
		B9FAC95A2BB2FD0C002A20F7 /* Typography.swift */ = {isa = PBXFileReference; lastKnownFileType = sourcecode.swift; path = Typography.swift; sourceTree = "<group>"; };
		B9FAC95E2BB2FE66002A20F7 /* Info.plist */ = {isa = PBXFileReference; lastKnownFileType = text.plist.xml; path = Info.plist; sourceTree = "<group>"; };
/* End PBXFileReference section */

/* Begin PBXFrameworksBuildPhase section */
		B95CE5132AD4CB5E00978591 /* Frameworks */ = {
			isa = PBXFrameworksBuildPhase;
			buildActionMask = 2147483647;
			files = (
			);
			runOnlyForDeploymentPostprocessing = 0;
		};
		B95CE5192AD4CB5E00978591 /* Frameworks */ = {
			isa = PBXFrameworksBuildPhase;
			buildActionMask = 2147483647;
			files = (
			);
			runOnlyForDeploymentPostprocessing = 0;
		};
		B95CE5202AD4CB5E00978591 /* Frameworks */ = {
			isa = PBXFrameworksBuildPhase;
			buildActionMask = 2147483647;
			files = (
			);
			runOnlyForDeploymentPostprocessing = 0;
		};
		B95CE52C2AD4CB5E00978591 /* Frameworks */ = {
			isa = PBXFrameworksBuildPhase;
			buildActionMask = 2147483647;
			files = (
			);
			runOnlyForDeploymentPostprocessing = 0;
		};
/* End PBXFrameworksBuildPhase section */

/* Begin PBXGroup section */
		B95CE5092AD4CB5A00978591 = {
			isa = PBXGroup;
			children = (
				B95CE50E2AD4CB5B00978591 /* Shared */,
				B95CE51D2AD4CB5E00978591 /* macOS */,
				B9FAC95E2BB2FE66002A20F7 /* Info.plist */,
				B95CE5262AD4CB5E00978591 /* Tests iOS */,
				B95CE5322AD4CB5E00978591 /* Tests macOS */,
				B95CE5172AD4CB5E00978591 /* Products */,
			);
			sourceTree = "<group>";
		};
		B95CE50E2AD4CB5B00978591 /* Shared */ = {
			isa = PBXGroup;
			children = (
				B9ABF7A22BAEF03500907C61 /* Presentation */,
				B9ABF7A32BAEF03E00907C61 /* Business */,
				B9ABF7A42BAEF04C00907C61 /* DataAccess */,
				B9ABF7A52BAEF0C500907C61 /* Models */,
				B9FAC91C2BAF0CDE002A20F7 /* Utils */,
				B9FAC94D2BB2E821002A20F7 /* Resources */,
				B95CE50F2AD4CB5B00978591 /* MoreChessApp.swift */,
				B95CE5112AD4CB5E00978591 /* Assets.xcassets */,
				B9FAC9182BAF070C002A20F7 /* Launch Screen.storyboard */,
				B9FAC9202BAF14CB002A20F7 /* README.md */,
			);
			path = Shared;
			sourceTree = "<group>";
		};
		B95CE5172AD4CB5E00978591 /* Products */ = {
			isa = PBXGroup;
			children = (
				B95CE5162AD4CB5E00978591 /* MoreChess.app */,
				B95CE51C2AD4CB5E00978591 /* MoreChess.app */,
				B95CE5232AD4CB5E00978591 /* Tests iOS.xctest */,
				B95CE52F2AD4CB5E00978591 /* Tests macOS.xctest */,
			);
			name = Products;
			sourceTree = "<group>";
		};
		B95CE51D2AD4CB5E00978591 /* macOS */ = {
			isa = PBXGroup;
			children = (
				B95CE51E2AD4CB5E00978591 /* macOS.entitlements */,
			);
			path = macOS;
			sourceTree = "<group>";
		};
		B95CE5262AD4CB5E00978591 /* Tests iOS */ = {
			isa = PBXGroup;
			children = (
				B95CE5272AD4CB5E00978591 /* Tests_iOS.swift */,
				B95CE5292AD4CB5E00978591 /* Tests_iOSLaunchTests.swift */,
			);
			path = "Tests iOS";
			sourceTree = "<group>";
		};
		B95CE5322AD4CB5E00978591 /* Tests macOS */ = {
			isa = PBXGroup;
			children = (
				B95CE5332AD4CB5E00978591 /* Tests_macOS.swift */,
				B95CE5352AD4CB5E00978591 /* Tests_macOSLaunchTests.swift */,
			);
			path = "Tests macOS";
			sourceTree = "<group>";
		};
		B9ABF7A22BAEF03500907C61 /* Presentation */ = {
			isa = PBXGroup;
			children = (
				B95CE5102AD4CB5B00978591 /* ContentView.swift */,
				B9FAC9312BB053AD002A20F7 /* Lobby */,
				B9FAC9322BB053B2002A20F7 /* Game */,
				B90F55A82BA61F6E00874F00 /* MovesView.swift */,
				B9FAC9352BB054A2002A20F7 /* Elements */,
			);
			path = Presentation;
			sourceTree = "<group>";
		};
		B9ABF7A32BAEF03E00907C61 /* Business */ = {
			isa = PBXGroup;
			children = (
				B9FAC9122BAEF69F002A20F7 /* Interactors */,
				B9FAC9132BAEF6A5002A20F7 /* State */,
			);
			path = Business;
			sourceTree = "<group>";
		};
		B9ABF7A42BAEF04C00907C61 /* DataAccess */ = {
			isa = PBXGroup;
			children = (
				B9FAC9422BB06315002A20F7 /* LobbyRepository.swift */,
				B9FAC9212BAF1DCD002A20F7 /* GameRepository.swift */,
			);
			path = DataAccess;
			sourceTree = "<group>";
		};
		B9ABF7A52BAEF0C500907C61 /* Models */ = {
			isa = PBXGroup;
			children = (
				B9FAC93A2BB058BC002A20F7 /* Lobby */,
				B9FAC93B2BB058C2002A20F7 /* Game */,
			);
			path = Models;
			sourceTree = "<group>";
		};
		B9FAC9122BAEF69F002A20F7 /* Interactors */ = {
			isa = PBXGroup;
			children = (
				B9FAC9402BB05A63002A20F7 /* LobbyInteractor.swift */,
				B9FAC9142BAEF6C3002A20F7 /* PositioningInteractor.swift */,
			);
			path = Interactors;
			sourceTree = "<group>";
		};
		B9FAC9132BAEF6A5002A20F7 /* State */ = {
			isa = PBXGroup;
			children = (
				B9ABF7A62BAEF11E00907C61 /* AppState.swift */,
				B9FAC9382BB0586C002A20F7 /* LobbyState.swift */,
				B9ABF7A82BAEF18A00907C61 /* GameState.swift */,
				B9FAC9102BAEF492002A20F7 /* PositioningState.swift */,
				B9FAC9162BAEFFAC002A20F7 /* LayoutState.swift */,
			);
			path = State;
			sourceTree = "<group>";
		};
		B9FAC91C2BAF0CDE002A20F7 /* Utils */ = {
			isa = PBXGroup;
			children = (
				B94B61F42B68F8D700C998F3 /* PieceGenerator.swift */,
				B94B61B22B461DD200C998F3 /* GridCoordinate.swift */,
				B9FAC92B2BAF3102002A20F7 /* MoveValidator.swift */,
			);
			path = Utils;
			sourceTree = "<group>";
		};
		B9FAC9312BB053AD002A20F7 /* Lobby */ = {
			isa = PBXGroup;
			children = (
				B9FAC9332BB053CC002A20F7 /* LobbyView.swift */,
				B9FAC9442BB06BD4002A20F7 /* HostingView.swift */,
				B9FAC9462BB06C0C002A20F7 /* ClientView.swift */,
			);
			path = Lobby;
			sourceTree = "<group>";
		};
		B9FAC9322BB053B2002A20F7 /* Game */ = {
			isa = PBXGroup;
			children = (
				B9FAC92F2BB05325002A20F7 /* GameView.swift */,
				B9ABF7AA2BAEF1EB00907C61 /* BoardView.swift */,
				B90F55AB2BA6289800874F00 /* PieceView.swift */,
			);
			path = Game;
			sourceTree = "<group>";
		};
		B9FAC9352BB054A2002A20F7 /* Elements */ = {
			isa = PBXGroup;
			children = (
				B9FAC9362BB054C2002A20F7 /* SolidButtonStyle.swift */,
				B9FAC9482BB06C91002A20F7 /* SimpleNavigationBackButton.swift */,
				B9FAC94A2BB06FB2002A20F7 /* WaitingView.swift */,
			);
			path = Elements;
			sourceTree = "<group>";
		};
		B9FAC93A2BB058BC002A20F7 /* Lobby */ = {
			isa = PBXGroup;
			children = (
				B9FAC93C2BB058DB002A20F7 /* ServiceType.swift */,
				B9FAC93E2BB059CD002A20F7 /* GameService.swift */,
			);
			path = Lobby;
			sourceTree = "<group>";
		};
		B9FAC93B2BB058C2002A20F7 /* Game */ = {
			isa = PBXGroup;
			children = (
				B94B61AF2B461D3200C998F3 /* Piece.swift */,
				B9FAC91A2BAF0CA7002A20F7 /* Pieces.swift */,
				B9FAC91E2BAF0D6A002A20F7 /* Player.swift */,
				B9FAC9292BAF29DF002A20F7 /* Players.swift */,
				B9FAC9232BAF1E9F002A20F7 /* Board.swift */,
				B9FAC92D2BB04A01002A20F7 /* PlayCondition.swift */,
			);
			path = Game;
			sourceTree = "<group>";
		};
		B9FAC94D2BB2E821002A20F7 /* Resources */ = {
			isa = PBXGroup;
			children = (
				B9FAC9522BB2F6DB002A20F7 /* Fonts */,
				B9FAC94E2BB2E833002A20F7 /* Color.swift */,
				B9FAC95A2BB2FD0C002A20F7 /* Typography.swift */,
				B9FAC9502BB2F46D002A20F7 /* Style.swift */,
			);
			path = Resources;
			sourceTree = "<group>";
		};
		B9FAC9522BB2F6DB002A20F7 /* Fonts */ = {
			isa = PBXGroup;
			children = (
				B9FAC9572BB2F92E002A20F7 /* Nunito-Regular.ttf */,
				B9FAC9532BB2F706002A20F7 /* NunitoSans_7pt_Condensed-Bold.ttf */,
			);
			path = Fonts;
			sourceTree = "<group>";
		};
/* End PBXGroup section */

/* Begin PBXNativeTarget section */
		B95CE5152AD4CB5E00978591 /* MoreChess (iOS) */ = {
			isa = PBXNativeTarget;
			buildConfigurationList = B95CE53F2AD4CB5E00978591 /* Build configuration list for PBXNativeTarget "MoreChess (iOS)" */;
			buildPhases = (
				B95CE5122AD4CB5E00978591 /* Sources */,
				B95CE5132AD4CB5E00978591 /* Frameworks */,
				B95CE5142AD4CB5E00978591 /* Resources */,
			);
			buildRules = (
			);
			dependencies = (
			);
			name = "MoreChess (iOS)";
			productName = "MoreChess (iOS)";
			productReference = B95CE5162AD4CB5E00978591 /* MoreChess.app */;
			productType = "com.apple.product-type.application";
		};
		B95CE51B2AD4CB5E00978591 /* MoreChess (macOS) */ = {
			isa = PBXNativeTarget;
			buildConfigurationList = B95CE5422AD4CB5E00978591 /* Build configuration list for PBXNativeTarget "MoreChess (macOS)" */;
			buildPhases = (
				B95CE5182AD4CB5E00978591 /* Sources */,
				B95CE5192AD4CB5E00978591 /* Frameworks */,
				B95CE51A2AD4CB5E00978591 /* Resources */,
			);
			buildRules = (
			);
			dependencies = (
			);
			name = "MoreChess (macOS)";
			productName = "MoreChess (macOS)";
			productReference = B95CE51C2AD4CB5E00978591 /* MoreChess.app */;
			productType = "com.apple.product-type.application";
		};
		B95CE5222AD4CB5E00978591 /* Tests iOS */ = {
			isa = PBXNativeTarget;
			buildConfigurationList = B95CE5452AD4CB5E00978591 /* Build configuration list for PBXNativeTarget "Tests iOS" */;
			buildPhases = (
				B95CE51F2AD4CB5E00978591 /* Sources */,
				B95CE5202AD4CB5E00978591 /* Frameworks */,
				B95CE5212AD4CB5E00978591 /* Resources */,
			);
			buildRules = (
			);
			dependencies = (
				B95CE5252AD4CB5E00978591 /* PBXTargetDependency */,
			);
			name = "Tests iOS";
			productName = "Tests iOS";
			productReference = B95CE5232AD4CB5E00978591 /* Tests iOS.xctest */;
			productType = "com.apple.product-type.bundle.ui-testing";
		};
		B95CE52E2AD4CB5E00978591 /* Tests macOS */ = {
			isa = PBXNativeTarget;
			buildConfigurationList = B95CE5482AD4CB5E00978591 /* Build configuration list for PBXNativeTarget "Tests macOS" */;
			buildPhases = (
				B95CE52B2AD4CB5E00978591 /* Sources */,
				B95CE52C2AD4CB5E00978591 /* Frameworks */,
				B95CE52D2AD4CB5E00978591 /* Resources */,
			);
			buildRules = (
			);
			dependencies = (
				B95CE5312AD4CB5E00978591 /* PBXTargetDependency */,
			);
			name = "Tests macOS";
			productName = "Tests macOS";
			productReference = B95CE52F2AD4CB5E00978591 /* Tests macOS.xctest */;
			productType = "com.apple.product-type.bundle.ui-testing";
		};
/* End PBXNativeTarget section */

/* Begin PBXProject section */
		B95CE50A2AD4CB5A00978591 /* Project object */ = {
			isa = PBXProject;
			attributes = {
				BuildIndependentTargetsInParallel = 1;
				LastSwiftUpdateCheck = 1320;
				LastUpgradeCheck = 1320;
				TargetAttributes = {
					B95CE5152AD4CB5E00978591 = {
						CreatedOnToolsVersion = 13.2.1;
					};
					B95CE51B2AD4CB5E00978591 = {
						CreatedOnToolsVersion = 13.2.1;
					};
					B95CE5222AD4CB5E00978591 = {
						CreatedOnToolsVersion = 13.2.1;
						TestTargetID = B95CE5152AD4CB5E00978591;
					};
					B95CE52E2AD4CB5E00978591 = {
						CreatedOnToolsVersion = 13.2.1;
						TestTargetID = B95CE51B2AD4CB5E00978591;
					};
				};
			};
			buildConfigurationList = B95CE50D2AD4CB5A00978591 /* Build configuration list for PBXProject "MoreChess" */;
			compatibilityVersion = "Xcode 13.0";
			developmentRegion = en;
			hasScannedForEncodings = 0;
			knownRegions = (
				en,
				Base,
			);
			mainGroup = B95CE5092AD4CB5A00978591;
			productRefGroup = B95CE5172AD4CB5E00978591 /* Products */;
			projectDirPath = "";
			projectRoot = "";
			targets = (
				B95CE5152AD4CB5E00978591 /* MoreChess (iOS) */,
				B95CE51B2AD4CB5E00978591 /* MoreChess (macOS) */,
				B95CE5222AD4CB5E00978591 /* Tests iOS */,
				B95CE52E2AD4CB5E00978591 /* Tests macOS */,
			);
		};
/* End PBXProject section */

/* Begin PBXResourcesBuildPhase section */
		B95CE5142AD4CB5E00978591 /* Resources */ = {
			isa = PBXResourcesBuildPhase;
			buildActionMask = 2147483647;
			files = (
				B9FAC9542BB2F706002A20F7 /* NunitoSans_7pt_Condensed-Bold.ttf in Resources */,
				B9FAC9192BAF070C002A20F7 /* Launch Screen.storyboard in Resources */,
				B9FAC9582BB2F92E002A20F7 /* Nunito-Regular.ttf in Resources */,
				B95CE53B2AD4CB5E00978591 /* Assets.xcassets in Resources */,
			);
			runOnlyForDeploymentPostprocessing = 0;
		};
		B95CE51A2AD4CB5E00978591 /* Resources */ = {
			isa = PBXResourcesBuildPhase;
			buildActionMask = 2147483647;
			files = (
				B9FAC9592BB2F92E002A20F7 /* Nunito-Regular.ttf in Resources */,
				B95CE53C2AD4CB5E00978591 /* Assets.xcassets in Resources */,
				B9FAC9552BB2F706002A20F7 /* NunitoSans_7pt_Condensed-Bold.ttf in Resources */,
			);
			runOnlyForDeploymentPostprocessing = 0;
		};
		B95CE5212AD4CB5E00978591 /* Resources */ = {
			isa = PBXResourcesBuildPhase;
			buildActionMask = 2147483647;
			files = (
			);
			runOnlyForDeploymentPostprocessing = 0;
		};
		B95CE52D2AD4CB5E00978591 /* Resources */ = {
			isa = PBXResourcesBuildPhase;
			buildActionMask = 2147483647;
			files = (
			);
			runOnlyForDeploymentPostprocessing = 0;
		};
/* End PBXResourcesBuildPhase section */

/* Begin PBXSourcesBuildPhase section */
		B95CE5122AD4CB5E00978591 /* Sources */ = {
			isa = PBXSourcesBuildPhase;
			buildActionMask = 2147483647;
			files = (
				B9FAC95B2BB2FD0C002A20F7 /* Typography.swift in Sources */,
				B9FAC92A2BAF29DF002A20F7 /* Players.swift in Sources */,
				B9FAC94F2BB2E833002A20F7 /* Color.swift in Sources */,
				B9FAC93F2BB059CD002A20F7 /* GameService.swift in Sources */,
				B9ABF7AB2BAEF1EB00907C61 /* BoardView.swift in Sources */,
				B9FAC9172BAEFFAC002A20F7 /* LayoutState.swift in Sources */,
				B9FAC92E2BB04A01002A20F7 /* PlayCondition.swift in Sources */,
				B9FAC9392BB0586C002A20F7 /* LobbyState.swift in Sources */,
				B9FAC9112BAEF492002A20F7 /* PositioningState.swift in Sources */,
				B9FAC9372BB054C2002A20F7 /* SolidButtonStyle.swift in Sources */,
				B9FAC9412BB05A63002A20F7 /* LobbyInteractor.swift in Sources */,
				B94B61B32B461DD200C998F3 /* GridCoordinate.swift in Sources */,
				B9FAC9242BAF1E9F002A20F7 /* Board.swift in Sources */,
				B9FAC9472BB06C0C002A20F7 /* ClientView.swift in Sources */,
				B95CE5392AD4CB5E00978591 /* ContentView.swift in Sources */,
				B9FAC92C2BAF3102002A20F7 /* MoveValidator.swift in Sources */,
				B95CE5372AD4CB5E00978591 /* MoreChessApp.swift in Sources */,
				B9ABF7A72BAEF11E00907C61 /* AppState.swift in Sources */,
				B9FAC9342BB053CC002A20F7 /* LobbyView.swift in Sources */,
				B9FAC9452BB06BD4002A20F7 /* HostingView.swift in Sources */,
				B90F55AC2BA6289800874F00 /* PieceView.swift in Sources */,
				B9FAC93D2BB058DB002A20F7 /* ServiceType.swift in Sources */,
				B94B61B02B461D3200C998F3 /* Piece.swift in Sources */,
				B9FAC9302BB05325002A20F7 /* GameView.swift in Sources */,
				B9FAC9492BB06C91002A20F7 /* SimpleNavigationBackButton.swift in Sources */,
				B9FAC9222BAF1DCD002A20F7 /* GameRepository.swift in Sources */,
				B90F55A92BA61F6E00874F00 /* MovesView.swift in Sources */,
				B9ABF7A92BAEF18A00907C61 /* GameState.swift in Sources */,
				B9FAC94B2BB06FB2002A20F7 /* WaitingView.swift in Sources */,
				B94B61F52B68F8D700C998F3 /* PieceGenerator.swift in Sources */,
				B9FAC9432BB06315002A20F7 /* LobbyRepository.swift in Sources */,
				B9FAC91B2BAF0CA7002A20F7 /* Pieces.swift in Sources */,
				B9FAC9512BB2F46D002A20F7 /* Style.swift in Sources */,
				B9FAC91F2BAF0D6A002A20F7 /* Player.swift in Sources */,
				B9FAC9152BAEF6C3002A20F7 /* PositioningInteractor.swift in Sources */,
			);
			runOnlyForDeploymentPostprocessing = 0;
		};
		B95CE5182AD4CB5E00978591 /* Sources */ = {
			isa = PBXSourcesBuildPhase;
			buildActionMask = 2147483647;
			files = (
				B9FAC91D2BAF0D15002A20F7 /* Pieces.swift in Sources */,
				B94B61B42B461DD200C998F3 /* GridCoordinate.swift in Sources */,
				B95CE53A2AD4CB5E00978591 /* ContentView.swift in Sources */,
				B95CE5382AD4CB5E00978591 /* MoreChessApp.swift in Sources */,
				B90F55AD2BA6289800874F00 /* PieceView.swift in Sources */,
				B94B61B12B461D3200C998F3 /* Piece.swift in Sources */,
				B90F55AA2BA61F6E00874F00 /* MovesView.swift in Sources */,
				B9FAC95C2BB2FD0C002A20F7 /* Typography.swift in Sources */,
				B94B61F62B68F8D700C998F3 /* PieceGenerator.swift in Sources */,
			);
			runOnlyForDeploymentPostprocessing = 0;
		};
		B95CE51F2AD4CB5E00978591 /* Sources */ = {
			isa = PBXSourcesBuildPhase;
			buildActionMask = 2147483647;
			files = (
				B95CE52A2AD4CB5E00978591 /* Tests_iOSLaunchTests.swift in Sources */,
				B95CE5282AD4CB5E00978591 /* Tests_iOS.swift in Sources */,
			);
			runOnlyForDeploymentPostprocessing = 0;
		};
		B95CE52B2AD4CB5E00978591 /* Sources */ = {
			isa = PBXSourcesBuildPhase;
			buildActionMask = 2147483647;
			files = (
				B95CE5362AD4CB5E00978591 /* Tests_macOSLaunchTests.swift in Sources */,
				B95CE5342AD4CB5E00978591 /* Tests_macOS.swift in Sources */,
			);
			runOnlyForDeploymentPostprocessing = 0;
		};
/* End PBXSourcesBuildPhase section */

/* Begin PBXTargetDependency section */
		B95CE5252AD4CB5E00978591 /* PBXTargetDependency */ = {
			isa = PBXTargetDependency;
			target = B95CE5152AD4CB5E00978591 /* MoreChess (iOS) */;
			targetProxy = B95CE5242AD4CB5E00978591 /* PBXContainerItemProxy */;
		};
		B95CE5312AD4CB5E00978591 /* PBXTargetDependency */ = {
			isa = PBXTargetDependency;
			target = B95CE51B2AD4CB5E00978591 /* MoreChess (macOS) */;
			targetProxy = B95CE5302AD4CB5E00978591 /* PBXContainerItemProxy */;
		};
/* End PBXTargetDependency section */

/* Begin XCBuildConfiguration section */
		B95CE53D2AD4CB5E00978591 /* Debug */ = {
			isa = XCBuildConfiguration;
			buildSettings = {
				ALWAYS_SEARCH_USER_PATHS = NO;
				CLANG_ANALYZER_NONNULL = YES;
				CLANG_ANALYZER_NUMBER_OBJECT_CONVERSION = YES_AGGRESSIVE;
				CLANG_CXX_LANGUAGE_STANDARD = "gnu++17";
				CLANG_CXX_LIBRARY = "libc++";
				CLANG_ENABLE_MODULES = YES;
				CLANG_ENABLE_OBJC_ARC = YES;
				CLANG_ENABLE_OBJC_WEAK = YES;
				CLANG_WARN_BLOCK_CAPTURE_AUTORELEASING = YES;
				CLANG_WARN_BOOL_CONVERSION = YES;
				CLANG_WARN_COMMA = YES;
				CLANG_WARN_CONSTANT_CONVERSION = YES;
				CLANG_WARN_DEPRECATED_OBJC_IMPLEMENTATIONS = YES;
				CLANG_WARN_DIRECT_OBJC_ISA_USAGE = YES_ERROR;
				CLANG_WARN_DOCUMENTATION_COMMENTS = YES;
				CLANG_WARN_EMPTY_BODY = YES;
				CLANG_WARN_ENUM_CONVERSION = YES;
				CLANG_WARN_INFINITE_RECURSION = YES;
				CLANG_WARN_INT_CONVERSION = YES;
				CLANG_WARN_NON_LITERAL_NULL_CONVERSION = YES;
				CLANG_WARN_OBJC_IMPLICIT_RETAIN_SELF = YES;
				CLANG_WARN_OBJC_LITERAL_CONVERSION = YES;
				CLANG_WARN_OBJC_ROOT_CLASS = YES_ERROR;
				CLANG_WARN_QUOTED_INCLUDE_IN_FRAMEWORK_HEADER = YES;
				CLANG_WARN_RANGE_LOOP_ANALYSIS = YES;
				CLANG_WARN_STRICT_PROTOTYPES = YES;
				CLANG_WARN_SUSPICIOUS_MOVE = YES;
				CLANG_WARN_UNGUARDED_AVAILABILITY = YES_AGGRESSIVE;
				CLANG_WARN_UNREACHABLE_CODE = YES;
				CLANG_WARN__DUPLICATE_METHOD_MATCH = YES;
				COPY_PHASE_STRIP = NO;
				DEBUG_INFORMATION_FORMAT = dwarf;
				ENABLE_STRICT_OBJC_MSGSEND = YES;
				ENABLE_TESTABILITY = YES;
				GCC_C_LANGUAGE_STANDARD = gnu11;
				GCC_DYNAMIC_NO_PIC = NO;
				GCC_NO_COMMON_BLOCKS = YES;
				GCC_OPTIMIZATION_LEVEL = 0;
				GCC_PREPROCESSOR_DEFINITIONS = (
					"DEBUG=1",
					"$(inherited)",
				);
				GCC_WARN_64_TO_32_BIT_CONVERSION = YES;
				GCC_WARN_ABOUT_RETURN_TYPE = YES_ERROR;
				GCC_WARN_UNDECLARED_SELECTOR = YES;
				GCC_WARN_UNINITIALIZED_AUTOS = YES_AGGRESSIVE;
				GCC_WARN_UNUSED_FUNCTION = YES;
				GCC_WARN_UNUSED_VARIABLE = YES;
				MTL_ENABLE_DEBUG_INFO = INCLUDE_SOURCE;
				MTL_FAST_MATH = YES;
				ONLY_ACTIVE_ARCH = YES;
				SWIFT_ACTIVE_COMPILATION_CONDITIONS = DEBUG;
				SWIFT_OPTIMIZATION_LEVEL = "-Onone";
			};
			name = Debug;
		};
		B95CE53E2AD4CB5E00978591 /* Release */ = {
			isa = XCBuildConfiguration;
			buildSettings = {
				ALWAYS_SEARCH_USER_PATHS = NO;
				CLANG_ANALYZER_NONNULL = YES;
				CLANG_ANALYZER_NUMBER_OBJECT_CONVERSION = YES_AGGRESSIVE;
				CLANG_CXX_LANGUAGE_STANDARD = "gnu++17";
				CLANG_CXX_LIBRARY = "libc++";
				CLANG_ENABLE_MODULES = YES;
				CLANG_ENABLE_OBJC_ARC = YES;
				CLANG_ENABLE_OBJC_WEAK = YES;
				CLANG_WARN_BLOCK_CAPTURE_AUTORELEASING = YES;
				CLANG_WARN_BOOL_CONVERSION = YES;
				CLANG_WARN_COMMA = YES;
				CLANG_WARN_CONSTANT_CONVERSION = YES;
				CLANG_WARN_DEPRECATED_OBJC_IMPLEMENTATIONS = YES;
				CLANG_WARN_DIRECT_OBJC_ISA_USAGE = YES_ERROR;
				CLANG_WARN_DOCUMENTATION_COMMENTS = YES;
				CLANG_WARN_EMPTY_BODY = YES;
				CLANG_WARN_ENUM_CONVERSION = YES;
				CLANG_WARN_INFINITE_RECURSION = YES;
				CLANG_WARN_INT_CONVERSION = YES;
				CLANG_WARN_NON_LITERAL_NULL_CONVERSION = YES;
				CLANG_WARN_OBJC_IMPLICIT_RETAIN_SELF = YES;
				CLANG_WARN_OBJC_LITERAL_CONVERSION = YES;
				CLANG_WARN_OBJC_ROOT_CLASS = YES_ERROR;
				CLANG_WARN_QUOTED_INCLUDE_IN_FRAMEWORK_HEADER = YES;
				CLANG_WARN_RANGE_LOOP_ANALYSIS = YES;
				CLANG_WARN_STRICT_PROTOTYPES = YES;
				CLANG_WARN_SUSPICIOUS_MOVE = YES;
				CLANG_WARN_UNGUARDED_AVAILABILITY = YES_AGGRESSIVE;
				CLANG_WARN_UNREACHABLE_CODE = YES;
				CLANG_WARN__DUPLICATE_METHOD_MATCH = YES;
				COPY_PHASE_STRIP = NO;
				DEBUG_INFORMATION_FORMAT = "dwarf-with-dsym";
				ENABLE_NS_ASSERTIONS = NO;
				ENABLE_STRICT_OBJC_MSGSEND = YES;
				GCC_C_LANGUAGE_STANDARD = gnu11;
				GCC_NO_COMMON_BLOCKS = YES;
				GCC_WARN_64_TO_32_BIT_CONVERSION = YES;
				GCC_WARN_ABOUT_RETURN_TYPE = YES_ERROR;
				GCC_WARN_UNDECLARED_SELECTOR = YES;
				GCC_WARN_UNINITIALIZED_AUTOS = YES_AGGRESSIVE;
				GCC_WARN_UNUSED_FUNCTION = YES;
				GCC_WARN_UNUSED_VARIABLE = YES;
				MTL_ENABLE_DEBUG_INFO = NO;
				MTL_FAST_MATH = YES;
				SWIFT_COMPILATION_MODE = wholemodule;
				SWIFT_OPTIMIZATION_LEVEL = "-O";
			};
			name = Release;
		};
		B95CE5402AD4CB5E00978591 /* Debug */ = {
			isa = XCBuildConfiguration;
			buildSettings = {
				ASSETCATALOG_COMPILER_APPICON_NAME = AppIcon;
				ASSETCATALOG_COMPILER_GLOBAL_ACCENT_COLOR_NAME = AccentColor;
				CODE_SIGN_STYLE = Automatic;
				CURRENT_PROJECT_VERSION = 1;
				DEVELOPMENT_TEAM = KWV3LMSGNJ;
				ENABLE_PREVIEWS = YES;
				GENERATE_INFOPLIST_FILE = YES;
				INFOPLIST_FILE = Info.plist;
				INFOPLIST_KEY_UIApplicationSceneManifest_Generation = YES;
				INFOPLIST_KEY_UIApplicationSupportsIndirectInputEvents = YES;
				INFOPLIST_KEY_UILaunchScreen_Generation = YES;
				INFOPLIST_KEY_UILaunchStoryboardName = "Launch Screen.storyboard";
				INFOPLIST_KEY_UISupportedInterfaceOrientations_iPad = "UIInterfaceOrientationPortrait UIInterfaceOrientationPortraitUpsideDown UIInterfaceOrientationLandscapeLeft UIInterfaceOrientationLandscapeRight";
				INFOPLIST_KEY_UISupportedInterfaceOrientations_iPhone = "UIInterfaceOrientationPortrait UIInterfaceOrientationLandscapeLeft UIInterfaceOrientationLandscapeRight";
				IPHONEOS_DEPLOYMENT_TARGET = 17.0;
				LD_RUNPATH_SEARCH_PATHS = (
					"$(inherited)",
					"@executable_path/Frameworks",
				);
				MARKETING_VERSION = 1.0;
				PRODUCT_BUNDLE_IDENTIFIER = com.richy486.MoreChess;
				PRODUCT_NAME = MoreChess;
				SDKROOT = iphoneos;
				SWIFT_EMIT_LOC_STRINGS = YES;
				SWIFT_VERSION = 5.0;
				TARGETED_DEVICE_FAMILY = "1,2";
			};
			name = Debug;
		};
		B95CE5412AD4CB5E00978591 /* Release */ = {
			isa = XCBuildConfiguration;
			buildSettings = {
				ASSETCATALOG_COMPILER_APPICON_NAME = AppIcon;
				ASSETCATALOG_COMPILER_GLOBAL_ACCENT_COLOR_NAME = AccentColor;
				CODE_SIGN_STYLE = Automatic;
				CURRENT_PROJECT_VERSION = 1;
				DEVELOPMENT_TEAM = KWV3LMSGNJ;
				ENABLE_PREVIEWS = YES;
				GENERATE_INFOPLIST_FILE = YES;
				INFOPLIST_FILE = Info.plist;
				INFOPLIST_KEY_UIApplicationSceneManifest_Generation = YES;
				INFOPLIST_KEY_UIApplicationSupportsIndirectInputEvents = YES;
				INFOPLIST_KEY_UILaunchScreen_Generation = YES;
				INFOPLIST_KEY_UILaunchStoryboardName = "Launch Screen.storyboard";
				INFOPLIST_KEY_UISupportedInterfaceOrientations_iPad = "UIInterfaceOrientationPortrait UIInterfaceOrientationPortraitUpsideDown UIInterfaceOrientationLandscapeLeft UIInterfaceOrientationLandscapeRight";
				INFOPLIST_KEY_UISupportedInterfaceOrientations_iPhone = "UIInterfaceOrientationPortrait UIInterfaceOrientationLandscapeLeft UIInterfaceOrientationLandscapeRight";
				IPHONEOS_DEPLOYMENT_TARGET = 17.0;
				LD_RUNPATH_SEARCH_PATHS = (
					"$(inherited)",
					"@executable_path/Frameworks",
				);
				MARKETING_VERSION = 1.0;
				PRODUCT_BUNDLE_IDENTIFIER = com.richy486.MoreChess;
				PRODUCT_NAME = MoreChess;
				SDKROOT = iphoneos;
				SWIFT_EMIT_LOC_STRINGS = YES;
				SWIFT_VERSION = 5.0;
				TARGETED_DEVICE_FAMILY = "1,2";
				VALIDATE_PRODUCT = YES;
			};
			name = Release;
		};
		B95CE5432AD4CB5E00978591 /* Debug */ = {
			isa = XCBuildConfiguration;
			buildSettings = {
				ASSETCATALOG_COMPILER_APPICON_NAME = AppIcon;
				ASSETCATALOG_COMPILER_GLOBAL_ACCENT_COLOR_NAME = AccentColor;
				CODE_SIGN_ENTITLEMENTS = macOS/macOS.entitlements;
				CODE_SIGN_STYLE = Automatic;
				COMBINE_HIDPI_IMAGES = YES;
				CURRENT_PROJECT_VERSION = 1;
				DEVELOPMENT_TEAM = KWV3LMSGNJ;
				ENABLE_HARDENED_RUNTIME = YES;
				ENABLE_PREVIEWS = YES;
				GENERATE_INFOPLIST_FILE = YES;
				INFOPLIST_FILE = Shared/Info.plist;
				INFOPLIST_KEY_NSHumanReadableCopyright = "";
				LD_RUNPATH_SEARCH_PATHS = (
					"$(inherited)",
					"@executable_path/../Frameworks",
				);
				MACOSX_DEPLOYMENT_TARGET = 11.7;
				MARKETING_VERSION = 1.0;
				PRODUCT_BUNDLE_IDENTIFIER = com.richy486.MoreChess;
				PRODUCT_NAME = MoreChess;
				SDKROOT = macosx;
				SWIFT_EMIT_LOC_STRINGS = YES;
				SWIFT_VERSION = 5.0;
			};
			name = Debug;
		};
		B95CE5442AD4CB5E00978591 /* Release */ = {
			isa = XCBuildConfiguration;
			buildSettings = {
				ASSETCATALOG_COMPILER_APPICON_NAME = AppIcon;
				ASSETCATALOG_COMPILER_GLOBAL_ACCENT_COLOR_NAME = AccentColor;
				CODE_SIGN_ENTITLEMENTS = macOS/macOS.entitlements;
				CODE_SIGN_STYLE = Automatic;
				COMBINE_HIDPI_IMAGES = YES;
				CURRENT_PROJECT_VERSION = 1;
				DEVELOPMENT_TEAM = KWV3LMSGNJ;
				ENABLE_HARDENED_RUNTIME = YES;
				ENABLE_PREVIEWS = YES;
				GENERATE_INFOPLIST_FILE = YES;
				INFOPLIST_FILE = Shared/Info.plist;
				INFOPLIST_KEY_NSHumanReadableCopyright = "";
				LD_RUNPATH_SEARCH_PATHS = (
					"$(inherited)",
					"@executable_path/../Frameworks",
				);
				MACOSX_DEPLOYMENT_TARGET = 11.7;
				MARKETING_VERSION = 1.0;
				PRODUCT_BUNDLE_IDENTIFIER = com.richy486.MoreChess;
				PRODUCT_NAME = MoreChess;
				SDKROOT = macosx;
				SWIFT_EMIT_LOC_STRINGS = YES;
				SWIFT_VERSION = 5.0;
			};
			name = Release;
		};
		B95CE5462AD4CB5E00978591 /* Debug */ = {
			isa = XCBuildConfiguration;
			buildSettings = {
				ALWAYS_EMBED_SWIFT_STANDARD_LIBRARIES = YES;
				CODE_SIGN_STYLE = Automatic;
				CURRENT_PROJECT_VERSION = 1;
				DEVELOPMENT_TEAM = KWV3LMSGNJ;
				GENERATE_INFOPLIST_FILE = YES;
				IPHONEOS_DEPLOYMENT_TARGET = 15.2;
				MARKETING_VERSION = 1.0;
				PRODUCT_BUNDLE_IDENTIFIER = "com.richy486.Tests-iOS";
				PRODUCT_NAME = "$(TARGET_NAME)";
				SDKROOT = iphoneos;
				SWIFT_EMIT_LOC_STRINGS = NO;
				SWIFT_VERSION = 5.0;
				TARGETED_DEVICE_FAMILY = "1,2";
				TEST_TARGET_NAME = "MoreChess (iOS)";
			};
			name = Debug;
		};
		B95CE5472AD4CB5E00978591 /* Release */ = {
			isa = XCBuildConfiguration;
			buildSettings = {
				ALWAYS_EMBED_SWIFT_STANDARD_LIBRARIES = YES;
				CODE_SIGN_STYLE = Automatic;
				CURRENT_PROJECT_VERSION = 1;
				DEVELOPMENT_TEAM = KWV3LMSGNJ;
				GENERATE_INFOPLIST_FILE = YES;
				IPHONEOS_DEPLOYMENT_TARGET = 15.2;
				MARKETING_VERSION = 1.0;
				PRODUCT_BUNDLE_IDENTIFIER = "com.richy486.Tests-iOS";
				PRODUCT_NAME = "$(TARGET_NAME)";
				SDKROOT = iphoneos;
				SWIFT_EMIT_LOC_STRINGS = NO;
				SWIFT_VERSION = 5.0;
				TARGETED_DEVICE_FAMILY = "1,2";
				TEST_TARGET_NAME = "MoreChess (iOS)";
				VALIDATE_PRODUCT = YES;
			};
			name = Release;
		};
		B95CE5492AD4CB5E00978591 /* Debug */ = {
			isa = XCBuildConfiguration;
			buildSettings = {
				ALWAYS_EMBED_SWIFT_STANDARD_LIBRARIES = YES;
				CODE_SIGN_STYLE = Automatic;
				CURRENT_PROJECT_VERSION = 1;
				DEVELOPMENT_TEAM = KWV3LMSGNJ;
				GENERATE_INFOPLIST_FILE = YES;
				MACOSX_DEPLOYMENT_TARGET = 11.7;
				MARKETING_VERSION = 1.0;
				PRODUCT_BUNDLE_IDENTIFIER = "com.richy486.Tests-macOS";
				PRODUCT_NAME = "$(TARGET_NAME)";
				SDKROOT = macosx;
				SWIFT_EMIT_LOC_STRINGS = NO;
				SWIFT_VERSION = 5.0;
				TEST_TARGET_NAME = "MoreChess (macOS)";
			};
			name = Debug;
		};
		B95CE54A2AD4CB5E00978591 /* Release */ = {
			isa = XCBuildConfiguration;
			buildSettings = {
				ALWAYS_EMBED_SWIFT_STANDARD_LIBRARIES = YES;
				CODE_SIGN_STYLE = Automatic;
				CURRENT_PROJECT_VERSION = 1;
				DEVELOPMENT_TEAM = KWV3LMSGNJ;
				GENERATE_INFOPLIST_FILE = YES;
				MACOSX_DEPLOYMENT_TARGET = 11.7;
				MARKETING_VERSION = 1.0;
				PRODUCT_BUNDLE_IDENTIFIER = "com.richy486.Tests-macOS";
				PRODUCT_NAME = "$(TARGET_NAME)";
				SDKROOT = macosx;
				SWIFT_EMIT_LOC_STRINGS = NO;
				SWIFT_VERSION = 5.0;
				TEST_TARGET_NAME = "MoreChess (macOS)";
			};
			name = Release;
		};
/* End XCBuildConfiguration section */

/* Begin XCConfigurationList section */
		B95CE50D2AD4CB5A00978591 /* Build configuration list for PBXProject "MoreChess" */ = {
			isa = XCConfigurationList;
			buildConfigurations = (
				B95CE53D2AD4CB5E00978591 /* Debug */,
				B95CE53E2AD4CB5E00978591 /* Release */,
			);
			defaultConfigurationIsVisible = 0;
			defaultConfigurationName = Release;
		};
		B95CE53F2AD4CB5E00978591 /* Build configuration list for PBXNativeTarget "MoreChess (iOS)" */ = {
			isa = XCConfigurationList;
			buildConfigurations = (
				B95CE5402AD4CB5E00978591 /* Debug */,
				B95CE5412AD4CB5E00978591 /* Release */,
			);
			defaultConfigurationIsVisible = 0;
			defaultConfigurationName = Release;
		};
		B95CE5422AD4CB5E00978591 /* Build configuration list for PBXNativeTarget "MoreChess (macOS)" */ = {
			isa = XCConfigurationList;
			buildConfigurations = (
				B95CE5432AD4CB5E00978591 /* Debug */,
				B95CE5442AD4CB5E00978591 /* Release */,
			);
			defaultConfigurationIsVisible = 0;
			defaultConfigurationName = Release;
		};
		B95CE5452AD4CB5E00978591 /* Build configuration list for PBXNativeTarget "Tests iOS" */ = {
			isa = XCConfigurationList;
			buildConfigurations = (
				B95CE5462AD4CB5E00978591 /* Debug */,
				B95CE5472AD4CB5E00978591 /* Release */,
			);
			defaultConfigurationIsVisible = 0;
			defaultConfigurationName = Release;
		};
		B95CE5482AD4CB5E00978591 /* Build configuration list for PBXNativeTarget "Tests macOS" */ = {
			isa = XCConfigurationList;
			buildConfigurations = (
				B95CE5492AD4CB5E00978591 /* Debug */,
				B95CE54A2AD4CB5E00978591 /* Release */,
			);
			defaultConfigurationIsVisible = 0;
			defaultConfigurationName = Release;
		};
/* End XCConfigurationList section */
	};
	rootObject = B95CE50A2AD4CB5A00978591 /* Project object */;
}
